
Microsoft Visual Studio Solution File, Format Version 12.00
# Visual Studio Version 16
VisualStudioVersion = 16.0.30611.23
MinimumVisualStudioVersion = 10.0.40219.1
Project("{FAE04EC0-301F-11D3-BF4B-00C04F79EFBC}") = "Ankieta_samopoczucie", "Ankieta_samopoczucie\Ankieta_samopoczucie.csproj", "{AF466EDC-A445-4127-BDFE-88BB006AF194}"
EndProject
Global
	GlobalSection(SolutionConfigurationPlatforms) = preSolution
		Debug|Any CPU = Debug|Any CPU
		Release|Any CPU = Release|Any CPU
	EndGlobalSection
	GlobalSection(ProjectConfigurationPlatforms) = postSolution
		{AF466EDC-A445-4127-BDFE-88BB006AF194}.Debug|Any CPU.ActiveCfg = Debug|Any CPU
		{AF466EDC-A445-4127-BDFE-88BB006AF194}.Debug|Any CPU.Build.0 = Debug|Any CPU
		{AF466EDC-A445-4127-BDFE-88BB006AF194}.Release|Any CPU.ActiveCfg = Release|Any CPU
		{AF466EDC-A445-4127-BDFE-88BB006AF194}.Release|Any CPU.Build.0 = Release|Any CPU
	EndGlobalSection
	GlobalSection(SolutionProperties) = preSolution
		HideSolutionNode = FALSE
	EndGlobalSection
	GlobalSection(ExtensibilityGlobals) = postSolution
		SolutionGuid = {3BEC62D3-E284-43D8-8076-D2A7786BA101}
	EndGlobalSection
EndGlobal
